
Microsoft Visual Studio Solution File, Format Version 12.00
# Visual Studio 14
VisualStudioVersion = 14.0.25420.1
MinimumVisualStudioVersion = 10.0.40219.1
Project("{8BB2217D-0F2D-49D1-97BC-3654ED321F3B}") = "AzureRepositories", "src\AzureRepositories\AzureRepositories.xproj", "{30A537E1-8D6F-409C-B230-96598B9D9388}"
EndProject
Project("{8BB2217D-0F2D-49D1-97BC-3654ED321F3B}") = "Core", "src\Core\Core.xproj", "{7669638A-C7E0-425B-9B29-F327CDF8AC2F}"
EndProject
Project("{8BB2217D-0F2D-49D1-97BC-3654ED321F3B}") = "Services", "src\Services\Services.xproj", "{D3F96C68-C8EE-4C59-A299-DE33FEE4586C}"
EndProject
Project("{8BB2217D-0F2D-49D1-97BC-3654ED321F3B}") = "EthereumJobs", "src\EthereumJobs\EthereumJobs.xproj", "{F9EA8698-8F88-43FA-9E7B-6F375E668291}"
EndProject
Project("{8BB2217D-0F2D-49D1-97BC-3654ED321F3B}") = "JobRunner", "src\JobRunner\JobRunner.xproj", "{292E5EBA-B062-471D-A1A4-55CF23A17BF2}"
EndProject
Project("{2150E333-8FDC-42A3-9474-1A3956D46DE8}") = "Runners", "Runners", "{45765D82-186C-4CA6-A7B0-8B60052EFFCF}"
EndProject
Project("{8BB2217D-0F2D-49D1-97BC-3654ED321F3B}") = "EthereumApi", "src\EthereumApi\EthereumApi.xproj", "{5C1CC96C-A555-471F-9C49-AE35F568EBB5}"
EndProject
Project("{8BB2217D-0F2D-49D1-97BC-3654ED321F3B}") = "ApiRunner", "src\ApiRunner\ApiRunner.xproj", "{8A91856A-2D0F-4A68-9FA7-065C18684948}"
EndProject
Project("{2150E333-8FDC-42A3-9474-1A3956D46DE8}") = "Main", "Main", "{21D365DA-2401-4130-A7CC-19562FB73511}"
EndProject
Project("{8BB2217D-0F2D-49D1-97BC-3654ED321F3B}") = "ContractBuilder", "src\ContractBuilder\ContractBuilder.xproj", "{807E3C31-ED7E-4757-9052-5CA5A73A1CDF}"
EndProject
Project("{2150E333-8FDC-42A3-9474-1A3956D46DE8}") = "Tests", "Tests", "{F14E63D3-95A7-41D1-AC63-50C754B05179}"
EndProject
Project("{8BB2217D-0F2D-49D1-97BC-3654ED321F3B}") = "Service.Tests", "tests\Service.Tests.xproj", "{FD46800C-585E-411B-A9BE-0260BEE07EF5}"
EndProject
Project("{2150E333-8FDC-42A3-9474-1A3956D46DE8}") = "Solution Items", "Solution Items", "{FD56D78E-6078-4A3E-BA8B-4D38D8F80976}"
	ProjectSection(SolutionItems) = preProject
		global.json = global.json
		ToDo.txt = ToDo.txt
	EndProjectSection
EndProject
Global
	GlobalSection(SolutionConfigurationPlatforms) = preSolution
		Debug|Any CPU = Debug|Any CPU
		Release|Any CPU = Release|Any CPU
	EndGlobalSection
	GlobalSection(ProjectConfigurationPlatforms) = postSolution
		{30A537E1-8D6F-409C-B230-96598B9D9388}.Debug|Any CPU.ActiveCfg = Debug|Any CPU
		{30A537E1-8D6F-409C-B230-96598B9D9388}.Debug|Any CPU.Build.0 = Debug|Any CPU
		{30A537E1-8D6F-409C-B230-96598B9D9388}.Release|Any CPU.ActiveCfg = Release|Any CPU
		{30A537E1-8D6F-409C-B230-96598B9D9388}.Release|Any CPU.Build.0 = Release|Any CPU
		{7669638A-C7E0-425B-9B29-F327CDF8AC2F}.Debug|Any CPU.ActiveCfg = Debug|Any CPU
		{7669638A-C7E0-425B-9B29-F327CDF8AC2F}.Debug|Any CPU.Build.0 = Debug|Any CPU
		{7669638A-C7E0-425B-9B29-F327CDF8AC2F}.Release|Any CPU.ActiveCfg = Release|Any CPU
		{7669638A-C7E0-425B-9B29-F327CDF8AC2F}.Release|Any CPU.Build.0 = Release|Any CPU
		{D3F96C68-C8EE-4C59-A299-DE33FEE4586C}.Debug|Any CPU.ActiveCfg = Debug|Any CPU
		{D3F96C68-C8EE-4C59-A299-DE33FEE4586C}.Debug|Any CPU.Build.0 = Debug|Any CPU
		{D3F96C68-C8EE-4C59-A299-DE33FEE4586C}.Release|Any CPU.ActiveCfg = Release|Any CPU
		{D3F96C68-C8EE-4C59-A299-DE33FEE4586C}.Release|Any CPU.Build.0 = Release|Any CPU
		{F9EA8698-8F88-43FA-9E7B-6F375E668291}.Debug|Any CPU.ActiveCfg = Debug|Any CPU
		{F9EA8698-8F88-43FA-9E7B-6F375E668291}.Debug|Any CPU.Build.0 = Debug|Any CPU
		{F9EA8698-8F88-43FA-9E7B-6F375E668291}.Release|Any CPU.ActiveCfg = Release|Any CPU
		{F9EA8698-8F88-43FA-9E7B-6F375E668291}.Release|Any CPU.Build.0 = Release|Any CPU
		{292E5EBA-B062-471D-A1A4-55CF23A17BF2}.Debug|Any CPU.ActiveCfg = Debug|Any CPU
		{292E5EBA-B062-471D-A1A4-55CF23A17BF2}.Debug|Any CPU.Build.0 = Debug|Any CPU
		{292E5EBA-B062-471D-A1A4-55CF23A17BF2}.Release|Any CPU.ActiveCfg = Release|Any CPU
		{292E5EBA-B062-471D-A1A4-55CF23A17BF2}.Release|Any CPU.Build.0 = Release|Any CPU
		{5C1CC96C-A555-471F-9C49-AE35F568EBB5}.Debug|Any CPU.ActiveCfg = Debug|Any CPU
		{5C1CC96C-A555-471F-9C49-AE35F568EBB5}.Debug|Any CPU.Build.0 = Debug|Any CPU
		{5C1CC96C-A555-471F-9C49-AE35F568EBB5}.Release|Any CPU.ActiveCfg = Release|Any CPU
		{5C1CC96C-A555-471F-9C49-AE35F568EBB5}.Release|Any CPU.Build.0 = Release|Any CPU
		{8A91856A-2D0F-4A68-9FA7-065C18684948}.Debug|Any CPU.ActiveCfg = Debug|Any CPU
		{8A91856A-2D0F-4A68-9FA7-065C18684948}.Debug|Any CPU.Build.0 = Debug|Any CPU
		{8A91856A-2D0F-4A68-9FA7-065C18684948}.Release|Any CPU.ActiveCfg = Release|Any CPU
		{8A91856A-2D0F-4A68-9FA7-065C18684948}.Release|Any CPU.Build.0 = Release|Any CPU
		{807E3C31-ED7E-4757-9052-5CA5A73A1CDF}.Debug|Any CPU.ActiveCfg = Debug|Any CPU
		{807E3C31-ED7E-4757-9052-5CA5A73A1CDF}.Debug|Any CPU.Build.0 = Debug|Any CPU
		{807E3C31-ED7E-4757-9052-5CA5A73A1CDF}.Release|Any CPU.ActiveCfg = Release|Any CPU
		{807E3C31-ED7E-4757-9052-5CA5A73A1CDF}.Release|Any CPU.Build.0 = Release|Any CPU
		{FD46800C-585E-411B-A9BE-0260BEE07EF5}.Debug|Any CPU.ActiveCfg = Debug|Any CPU
		{FD46800C-585E-411B-A9BE-0260BEE07EF5}.Debug|Any CPU.Build.0 = Debug|Any CPU
		{FD46800C-585E-411B-A9BE-0260BEE07EF5}.Release|Any CPU.ActiveCfg = Release|Any CPU
		{FD46800C-585E-411B-A9BE-0260BEE07EF5}.Release|Any CPU.Build.0 = Release|Any CPU
	EndGlobalSection
	GlobalSection(SolutionProperties) = preSolution
		HideSolutionNode = FALSE
	EndGlobalSection
	GlobalSection(NestedProjects) = preSolution
		{30A537E1-8D6F-409C-B230-96598B9D9388} = {21D365DA-2401-4130-A7CC-19562FB73511}
		{7669638A-C7E0-425B-9B29-F327CDF8AC2F} = {21D365DA-2401-4130-A7CC-19562FB73511}
		{D3F96C68-C8EE-4C59-A299-DE33FEE4586C} = {21D365DA-2401-4130-A7CC-19562FB73511}
		{292E5EBA-B062-471D-A1A4-55CF23A17BF2} = {45765D82-186C-4CA6-A7B0-8B60052EFFCF}
		{8A91856A-2D0F-4A68-9FA7-065C18684948} = {45765D82-186C-4CA6-A7B0-8B60052EFFCF}
		{FD46800C-585E-411B-A9BE-0260BEE07EF5} = {F14E63D3-95A7-41D1-AC63-50C754B05179}
	EndGlobalSection
EndGlobal
