
Microsoft Visual Studio Solution File, Format Version 12.00
# Visual Studio 15
VisualStudioVersion = 15.0.26730.12
MinimumVisualStudioVersion = 10.0.40219.1
Project("{2150E333-8FDC-42A3-9474-1A3956D46DE8}") = "Runners", "Runners", "{45765D82-186C-4CA6-A7B0-8B60052EFFCF}"
EndProject
Project("{2150E333-8FDC-42A3-9474-1A3956D46DE8}") = "Main", "Main", "{21D365DA-2401-4130-A7CC-19562FB73511}"
EndProject
Project("{2150E333-8FDC-42A3-9474-1A3956D46DE8}") = "Tests", "Tests", "{F14E63D3-95A7-41D1-AC63-50C754B05179}"
EndProject
Project("{2150E333-8FDC-42A3-9474-1A3956D46DE8}") = "Solution Items", "Solution Items", "{FD56D78E-6078-4A3E-BA8B-4D38D8F80976}"
	ProjectSection(SolutionItems) = preProject
		ToDo.txt = ToDo.txt
	EndProjectSection
EndProject
Project("{9A19103F-16F7-4668-BE54-9A1E7A4F7556}") = "AzureRepositories", "src\AzureRepositories\AzureRepositories.csproj", "{30A537E1-8D6F-409C-B230-96598B9D9388}"
EndProject
Project("{9A19103F-16F7-4668-BE54-9A1E7A4F7556}") = "Core", "src\Core\Core.csproj", "{7669638A-C7E0-425B-9B29-F327CDF8AC2F}"
EndProject
Project("{9A19103F-16F7-4668-BE54-9A1E7A4F7556}") = "Services", "src\Services\Services.csproj", "{D3F96C68-C8EE-4C59-A299-DE33FEE4586C}"
EndProject
Project("{9A19103F-16F7-4668-BE54-9A1E7A4F7556}") = "EthereumJobs", "src\EthereumJobs\EthereumJobs.csproj", "{F9EA8698-8F88-43FA-9E7B-6F375E668291}"
EndProject
Project("{9A19103F-16F7-4668-BE54-9A1E7A4F7556}") = "JobRunner", "src\JobRunner\JobRunner.csproj", "{292E5EBA-B062-471D-A1A4-55CF23A17BF2}"
EndProject
Project("{9A19103F-16F7-4668-BE54-9A1E7A4F7556}") = "EthereumApi", "src\EthereumApi\EthereumApi.csproj", "{5C1CC96C-A555-471F-9C49-AE35F568EBB5}"
EndProject
Project("{9A19103F-16F7-4668-BE54-9A1E7A4F7556}") = "ApiRunner", "src\ApiRunner\ApiRunner.csproj", "{8A91856A-2D0F-4A68-9FA7-065C18684948}"
EndProject
Project("{9A19103F-16F7-4668-BE54-9A1E7A4F7556}") = "ContractBuilder", "src\ContractBuilder\ContractBuilder.csproj", "{807E3C31-ED7E-4757-9052-5CA5A73A1CDF}"
EndProject
Project("{9A19103F-16F7-4668-BE54-9A1E7A4F7556}") = "SigningServiceApiCaller", "src\SigningServiceApiCaller\SigningServiceApiCaller.csproj", "{24D89393-3AA8-48F2-9BF4-DBE862220FBF}"
EndProject
Project("{9A19103F-16F7-4668-BE54-9A1E7A4F7556}") = "TestRunner", "src\TestRunner\TestRunner.csproj", "{F6A39A57-2559-41F4-8212-6AB257ADB45A}"
EndProject
Project("{9A19103F-16F7-4668-BE54-9A1E7A4F7556}") = "Service.IntegrationTests", "tests\Service.Tests.New\Service.IntegrationTests.csproj", "{FB1DD4F4-9B04-4A3F-BBE0-C7CABB99E94D}"
EndProject
Project("{9A19103F-16F7-4668-BE54-9A1E7A4F7556}") = "RabbitMQ", "src\RabbitMQ\RabbitMQ.csproj", "{F5D3F906-67D2-47DD-95D1-80DB7993D098}"
EndProject
Project("{9A19103F-16F7-4668-BE54-9A1E7A4F7556}") = "TransactionResubmit", "TransactionResubmit\TransactionResubmit.csproj", "{8940252C-50A4-4026-9104-34E10E6C6AB6}"
EndProject
Project("{9A19103F-16F7-4668-BE54-9A1E7A4F7556}") = "EthereumApi.Models", "EthereumCore.Models\EthereumApi.Models.csproj", "{5871BC0C-3488-4682-BCB2-48D94738C54A}"
EndProject
Project("{9A19103F-16F7-4668-BE54-9A1E7A4F7556}") = "BusinessModels", "src\Models\BusinessModels.csproj", "{9BDC7E53-A8BF-4C71-80EA-93A075ACC234}"
EndProject
Project("{9A19103F-16F7-4668-BE54-9A1E7A4F7556}") = "EthereumSamuraiApiCaller", "EthereumSamuraiApiCaller\EthereumSamuraiApiCaller.csproj", "{4B4FE824-BA5B-4989-9872-00EA0C0C21F3}"
EndProject
Project("{9A19103F-16F7-4668-BE54-9A1E7A4F7556}") = "Service.UnitTests", "src\Service.UnitTests\Service.UnitTests.csproj", "{F5BE99AE-133C-4CAE-8163-504F746C6CE5}"
EndProject
Project("{2150E333-8FDC-42A3-9474-1A3956D46DE8}") = "client", "client", "{7092F3CC-1E8F-4E12-8323-DEF5488CC18C}"
EndProject
Project("{9A19103F-16F7-4668-BE54-9A1E7A4F7556}") = "EthereumCoreClient", "client\EthereumCoreClient\EthereumCoreClient.csproj", "{10CBAD86-46AB-449E-92B3-0B33DA742F6A}"
EndProject
Global
	GlobalSection(SolutionConfigurationPlatforms) = preSolution
		Debug|Any CPU = Debug|Any CPU
		Release|Any CPU = Release|Any CPU
	EndGlobalSection
	GlobalSection(ProjectConfigurationPlatforms) = postSolution
		{30A537E1-8D6F-409C-B230-96598B9D9388}.Debug|Any CPU.ActiveCfg = Debug|Any CPU
		{30A537E1-8D6F-409C-B230-96598B9D9388}.Debug|Any CPU.Build.0 = Debug|Any CPU
		{30A537E1-8D6F-409C-B230-96598B9D9388}.Release|Any CPU.ActiveCfg = Release|Any CPU
		{30A537E1-8D6F-409C-B230-96598B9D9388}.Release|Any CPU.Build.0 = Release|Any CPU
		{7669638A-C7E0-425B-9B29-F327CDF8AC2F}.Debug|Any CPU.ActiveCfg = Debug|Any CPU
		{7669638A-C7E0-425B-9B29-F327CDF8AC2F}.Debug|Any CPU.Build.0 = Debug|Any CPU
		{7669638A-C7E0-425B-9B29-F327CDF8AC2F}.Release|Any CPU.ActiveCfg = Release|Any CPU
		{7669638A-C7E0-425B-9B29-F327CDF8AC2F}.Release|Any CPU.Build.0 = Release|Any CPU
		{D3F96C68-C8EE-4C59-A299-DE33FEE4586C}.Debug|Any CPU.ActiveCfg = Debug|Any CPU
		{D3F96C68-C8EE-4C59-A299-DE33FEE4586C}.Debug|Any CPU.Build.0 = Debug|Any CPU
		{D3F96C68-C8EE-4C59-A299-DE33FEE4586C}.Release|Any CPU.ActiveCfg = Release|Any CPU
		{D3F96C68-C8EE-4C59-A299-DE33FEE4586C}.Release|Any CPU.Build.0 = Release|Any CPU
		{F9EA8698-8F88-43FA-9E7B-6F375E668291}.Debug|Any CPU.ActiveCfg = Debug|Any CPU
		{F9EA8698-8F88-43FA-9E7B-6F375E668291}.Debug|Any CPU.Build.0 = Debug|Any CPU
		{F9EA8698-8F88-43FA-9E7B-6F375E668291}.Release|Any CPU.ActiveCfg = Release|Any CPU
		{F9EA8698-8F88-43FA-9E7B-6F375E668291}.Release|Any CPU.Build.0 = Release|Any CPU
		{292E5EBA-B062-471D-A1A4-55CF23A17BF2}.Debug|Any CPU.ActiveCfg = Debug|Any CPU
		{292E5EBA-B062-471D-A1A4-55CF23A17BF2}.Debug|Any CPU.Build.0 = Debug|Any CPU
		{292E5EBA-B062-471D-A1A4-55CF23A17BF2}.Release|Any CPU.ActiveCfg = Release|Any CPU
		{292E5EBA-B062-471D-A1A4-55CF23A17BF2}.Release|Any CPU.Build.0 = Release|Any CPU
		{5C1CC96C-A555-471F-9C49-AE35F568EBB5}.Debug|Any CPU.ActiveCfg = Debug|Any CPU
		{5C1CC96C-A555-471F-9C49-AE35F568EBB5}.Debug|Any CPU.Build.0 = Debug|Any CPU
		{5C1CC96C-A555-471F-9C49-AE35F568EBB5}.Release|Any CPU.ActiveCfg = Release|Any CPU
		{5C1CC96C-A555-471F-9C49-AE35F568EBB5}.Release|Any CPU.Build.0 = Release|Any CPU
		{8A91856A-2D0F-4A68-9FA7-065C18684948}.Debug|Any CPU.ActiveCfg = Debug|Any CPU
		{8A91856A-2D0F-4A68-9FA7-065C18684948}.Debug|Any CPU.Build.0 = Debug|Any CPU
		{8A91856A-2D0F-4A68-9FA7-065C18684948}.Release|Any CPU.ActiveCfg = Release|Any CPU
		{8A91856A-2D0F-4A68-9FA7-065C18684948}.Release|Any CPU.Build.0 = Release|Any CPU
		{807E3C31-ED7E-4757-9052-5CA5A73A1CDF}.Debug|Any CPU.ActiveCfg = Debug|Any CPU
		{807E3C31-ED7E-4757-9052-5CA5A73A1CDF}.Debug|Any CPU.Build.0 = Debug|Any CPU
		{807E3C31-ED7E-4757-9052-5CA5A73A1CDF}.Release|Any CPU.ActiveCfg = Release|Any CPU
		{807E3C31-ED7E-4757-9052-5CA5A73A1CDF}.Release|Any CPU.Build.0 = Release|Any CPU
		{24D89393-3AA8-48F2-9BF4-DBE862220FBF}.Debug|Any CPU.ActiveCfg = Debug|Any CPU
		{24D89393-3AA8-48F2-9BF4-DBE862220FBF}.Debug|Any CPU.Build.0 = Debug|Any CPU
		{24D89393-3AA8-48F2-9BF4-DBE862220FBF}.Release|Any CPU.ActiveCfg = Release|Any CPU
		{24D89393-3AA8-48F2-9BF4-DBE862220FBF}.Release|Any CPU.Build.0 = Release|Any CPU
		{F6A39A57-2559-41F4-8212-6AB257ADB45A}.Debug|Any CPU.ActiveCfg = Debug|Any CPU
		{F6A39A57-2559-41F4-8212-6AB257ADB45A}.Debug|Any CPU.Build.0 = Debug|Any CPU
		{F6A39A57-2559-41F4-8212-6AB257ADB45A}.Release|Any CPU.ActiveCfg = Release|Any CPU
		{F6A39A57-2559-41F4-8212-6AB257ADB45A}.Release|Any CPU.Build.0 = Release|Any CPU
		{FB1DD4F4-9B04-4A3F-BBE0-C7CABB99E94D}.Debug|Any CPU.ActiveCfg = Debug|Any CPU
		{FB1DD4F4-9B04-4A3F-BBE0-C7CABB99E94D}.Debug|Any CPU.Build.0 = Debug|Any CPU
		{FB1DD4F4-9B04-4A3F-BBE0-C7CABB99E94D}.Release|Any CPU.ActiveCfg = Release|Any CPU
		{FB1DD4F4-9B04-4A3F-BBE0-C7CABB99E94D}.Release|Any CPU.Build.0 = Release|Any CPU
		{F5D3F906-67D2-47DD-95D1-80DB7993D098}.Debug|Any CPU.ActiveCfg = Debug|Any CPU
		{F5D3F906-67D2-47DD-95D1-80DB7993D098}.Debug|Any CPU.Build.0 = Debug|Any CPU
		{F5D3F906-67D2-47DD-95D1-80DB7993D098}.Release|Any CPU.ActiveCfg = Release|Any CPU
		{F5D3F906-67D2-47DD-95D1-80DB7993D098}.Release|Any CPU.Build.0 = Release|Any CPU
		{8940252C-50A4-4026-9104-34E10E6C6AB6}.Debug|Any CPU.ActiveCfg = Debug|Any CPU
		{8940252C-50A4-4026-9104-34E10E6C6AB6}.Debug|Any CPU.Build.0 = Debug|Any CPU
		{8940252C-50A4-4026-9104-34E10E6C6AB6}.Release|Any CPU.ActiveCfg = Release|Any CPU
		{8940252C-50A4-4026-9104-34E10E6C6AB6}.Release|Any CPU.Build.0 = Release|Any CPU
		{5871BC0C-3488-4682-BCB2-48D94738C54A}.Debug|Any CPU.ActiveCfg = Debug|Any CPU
		{5871BC0C-3488-4682-BCB2-48D94738C54A}.Debug|Any CPU.Build.0 = Debug|Any CPU
		{5871BC0C-3488-4682-BCB2-48D94738C54A}.Release|Any CPU.ActiveCfg = Release|Any CPU
		{5871BC0C-3488-4682-BCB2-48D94738C54A}.Release|Any CPU.Build.0 = Release|Any CPU
		{9BDC7E53-A8BF-4C71-80EA-93A075ACC234}.Debug|Any CPU.ActiveCfg = Debug|Any CPU
		{9BDC7E53-A8BF-4C71-80EA-93A075ACC234}.Debug|Any CPU.Build.0 = Debug|Any CPU
		{9BDC7E53-A8BF-4C71-80EA-93A075ACC234}.Release|Any CPU.ActiveCfg = Release|Any CPU
		{9BDC7E53-A8BF-4C71-80EA-93A075ACC234}.Release|Any CPU.Build.0 = Release|Any CPU
		{4B4FE824-BA5B-4989-9872-00EA0C0C21F3}.Debug|Any CPU.ActiveCfg = Debug|Any CPU
		{4B4FE824-BA5B-4989-9872-00EA0C0C21F3}.Debug|Any CPU.Build.0 = Debug|Any CPU
		{4B4FE824-BA5B-4989-9872-00EA0C0C21F3}.Release|Any CPU.ActiveCfg = Release|Any CPU
		{4B4FE824-BA5B-4989-9872-00EA0C0C21F3}.Release|Any CPU.Build.0 = Release|Any CPU
		{F5BE99AE-133C-4CAE-8163-504F746C6CE5}.Debug|Any CPU.ActiveCfg = Debug|Any CPU
		{F5BE99AE-133C-4CAE-8163-504F746C6CE5}.Debug|Any CPU.Build.0 = Debug|Any CPU
		{F5BE99AE-133C-4CAE-8163-504F746C6CE5}.Release|Any CPU.ActiveCfg = Release|Any CPU
		{F5BE99AE-133C-4CAE-8163-504F746C6CE5}.Release|Any CPU.Build.0 = Release|Any CPU
		{10CBAD86-46AB-449E-92B3-0B33DA742F6A}.Debug|Any CPU.ActiveCfg = Debug|Any CPU
		{10CBAD86-46AB-449E-92B3-0B33DA742F6A}.Debug|Any CPU.Build.0 = Debug|Any CPU
		{10CBAD86-46AB-449E-92B3-0B33DA742F6A}.Release|Any CPU.ActiveCfg = Release|Any CPU
		{10CBAD86-46AB-449E-92B3-0B33DA742F6A}.Release|Any CPU.Build.0 = Release|Any CPU
	EndGlobalSection
	GlobalSection(SolutionProperties) = preSolution
		HideSolutionNode = FALSE
	EndGlobalSection
	GlobalSection(NestedProjects) = preSolution
		{30A537E1-8D6F-409C-B230-96598B9D9388} = {21D365DA-2401-4130-A7CC-19562FB73511}
		{7669638A-C7E0-425B-9B29-F327CDF8AC2F} = {21D365DA-2401-4130-A7CC-19562FB73511}
		{D3F96C68-C8EE-4C59-A299-DE33FEE4586C} = {21D365DA-2401-4130-A7CC-19562FB73511}
		{292E5EBA-B062-471D-A1A4-55CF23A17BF2} = {45765D82-186C-4CA6-A7B0-8B60052EFFCF}
		{8A91856A-2D0F-4A68-9FA7-065C18684948} = {45765D82-186C-4CA6-A7B0-8B60052EFFCF}
		{24D89393-3AA8-48F2-9BF4-DBE862220FBF} = {21D365DA-2401-4130-A7CC-19562FB73511}
		{F6A39A57-2559-41F4-8212-6AB257ADB45A} = {F14E63D3-95A7-41D1-AC63-50C754B05179}
		{FB1DD4F4-9B04-4A3F-BBE0-C7CABB99E94D} = {F14E63D3-95A7-41D1-AC63-50C754B05179}
		{F5D3F906-67D2-47DD-95D1-80DB7993D098} = {21D365DA-2401-4130-A7CC-19562FB73511}
		{9BDC7E53-A8BF-4C71-80EA-93A075ACC234} = {21D365DA-2401-4130-A7CC-19562FB73511}
		{4B4FE824-BA5B-4989-9872-00EA0C0C21F3} = {21D365DA-2401-4130-A7CC-19562FB73511}
		{F5BE99AE-133C-4CAE-8163-504F746C6CE5} = {F14E63D3-95A7-41D1-AC63-50C754B05179}
		{10CBAD86-46AB-449E-92B3-0B33DA742F6A} = {7092F3CC-1E8F-4E12-8323-DEF5488CC18C}
	EndGlobalSection
	GlobalSection(ExtensibilityGlobals) = postSolution
		SolutionGuid = {3178D1EC-E539-45E4-BECA-0DB6AFC159A9}
	EndGlobalSection
EndGlobal
